
Microsoft Visual Studio Solution File, Format Version 12.00
# Visual Studio Version 16
VisualStudioVersion = 16.0.30114.105
MinimumVisualStudioVersion = 10.0.40219.1
Project("{2150E333-8FDC-42A3-9474-1A3956D46DE8}") = "src", "src", "{69ABD654-0FC5-4E19-B22A-733E9694CEEF}"
EndProject
Project("{FAE04EC0-301F-11D3-BF4B-00C04F79EFBC}") = "KomodoInsurance.Data", "src\KomodoInsurance.Data\KomodoInsurance.Data.csproj", "{CD3AFD18-977F-4AC9-A706-480B406BC01E}"
EndProject
Project("{FAE04EC0-301F-11D3-BF4B-00C04F79EFBC}") = "KomodoInsurance.Repository", "src\KomodoInsurance.Repository\KomodoInsurance.Repository.csproj", "{265D1F59-4BC2-41F1-A321-9ABA87A6FACE}"
EndProject
Project("{FAE04EC0-301F-11D3-BF4B-00C04F79EFBC}") = "KomodoInsurance.UI", "src\KomodoInsurance.UI\KomodoInsurance.UI.csproj", "{F985B327-7AFD-4709-9E43-ED0764A0695E}"
EndProject
Global
	GlobalSection(SolutionConfigurationPlatforms) = preSolution
		Debug|Any CPU = Debug|Any CPU
		Release|Any CPU = Release|Any CPU
	EndGlobalSection
	GlobalSection(SolutionProperties) = preSolution
		HideSolutionNode = FALSE
	EndGlobalSection
	GlobalSection(ProjectConfigurationPlatforms) = postSolution
		{CD3AFD18-977F-4AC9-A706-480B406BC01E}.Debug|Any CPU.ActiveCfg = Debug|Any CPU
		{CD3AFD18-977F-4AC9-A706-480B406BC01E}.Debug|Any CPU.Build.0 = Debug|Any CPU
		{CD3AFD18-977F-4AC9-A706-480B406BC01E}.Release|Any CPU.ActiveCfg = Release|Any CPU
		{CD3AFD18-977F-4AC9-A706-480B406BC01E}.Release|Any CPU.Build.0 = Release|Any CPU
		{265D1F59-4BC2-41F1-A321-9ABA87A6FACE}.Debug|Any CPU.ActiveCfg = Debug|Any CPU
		{265D1F59-4BC2-41F1-A321-9ABA87A6FACE}.Debug|Any CPU.Build.0 = Debug|Any CPU
		{265D1F59-4BC2-41F1-A321-9ABA87A6FACE}.Release|Any CPU.ActiveCfg = Release|Any CPU
		{265D1F59-4BC2-41F1-A321-9ABA87A6FACE}.Release|Any CPU.Build.0 = Release|Any CPU
		{F985B327-7AFD-4709-9E43-ED0764A0695E}.Debug|Any CPU.ActiveCfg = Debug|Any CPU
		{F985B327-7AFD-4709-9E43-ED0764A0695E}.Debug|Any CPU.Build.0 = Debug|Any CPU
		{F985B327-7AFD-4709-9E43-ED0764A0695E}.Release|Any CPU.ActiveCfg = Release|Any CPU
		{F985B327-7AFD-4709-9E43-ED0764A0695E}.Release|Any CPU.Build.0 = Release|Any CPU
	EndGlobalSection
	GlobalSection(NestedProjects) = preSolution
		{CD3AFD18-977F-4AC9-A706-480B406BC01E} = {69ABD654-0FC5-4E19-B22A-733E9694CEEF}
		{265D1F59-4BC2-41F1-A321-9ABA87A6FACE} = {69ABD654-0FC5-4E19-B22A-733E9694CEEF}
		{F985B327-7AFD-4709-9E43-ED0764A0695E} = {69ABD654-0FC5-4E19-B22A-733E9694CEEF}
	EndGlobalSection
EndGlobal
